
Microsoft Visual Studio Solution File, Format Version 12.00
# Visual Studio Version 16
VisualStudioVersion = 16.0.31313.79
MinimumVisualStudioVersion = 10.0.40219.1
Project("{FAE04EC0-301F-11D3-BF4B-00C04F79EFBC}") = "ProjectPetShop", "ProjectPetShop\ProjectPetShop.csproj", "{586EE518-C059-47AC-B28B-56C45CA874D7}"
EndProject
Global
	GlobalSection(SolutionConfigurationPlatforms) = preSolution
		Debug|Any CPU = Debug|Any CPU
		Release|Any CPU = Release|Any CPU
	EndGlobalSection
	GlobalSection(ProjectConfigurationPlatforms) = postSolution
		{586EE518-C059-47AC-B28B-56C45CA874D7}.Debug|Any CPU.ActiveCfg = Debug|Any CPU
		{586EE518-C059-47AC-B28B-56C45CA874D7}.Debug|Any CPU.Build.0 = Debug|Any CPU
		{586EE518-C059-47AC-B28B-56C45CA874D7}.Release|Any CPU.ActiveCfg = Release|Any CPU
		{586EE518-C059-47AC-B28B-56C45CA874D7}.Release|Any CPU.Build.0 = Release|Any CPU
	EndGlobalSection
	GlobalSection(SolutionProperties) = preSolution
		HideSolutionNode = FALSE
	EndGlobalSection
	GlobalSection(ExtensibilityGlobals) = postSolution
		SolutionGuid = {6B694BB8-33D9-4AFB-BBA1-83E138827527}
	EndGlobalSection
EndGlobal
